
Microsoft Visual Studio Solution File, Format Version 12.00
# Visual Studio 14
VisualStudioVersion = 14.0.25123.0
MinimumVisualStudioVersion = 10.0.40219.1
Project("{FAE04EC0-301F-11D3-BF4B-00C04F79EFBC}") = "Utils", "Utils.csproj", "{7653E304-5B7D-4279-95A4-477F337343EA}"
EndProject
Global
	GlobalSection(SolutionConfigurationPlatforms) = preSolution
		Debug|Any CPU = Debug|Any CPU
		Release|Any CPU = Release|Any CPU
	EndGlobalSection
	GlobalSection(ProjectConfigurationPlatforms) = postSolution
		{7653E304-5B7D-4279-95A4-477F337343EA}.Debug|Any CPU.ActiveCfg = Debug|Any CPU
		{7653E304-5B7D-4279-95A4-477F337343EA}.Debug|Any CPU.Build.0 = Debug|Any CPU
		{7653E304-5B7D-4279-95A4-477F337343EA}.Release|Any CPU.ActiveCfg = Release|Any CPU
		{7653E304-5B7D-4279-95A4-477F337343EA}.Release|Any CPU.Build.0 = Release|Any CPU
	EndGlobalSection
	GlobalSection(SolutionProperties) = preSolution
		HideSolutionNode = FALSE
	EndGlobalSection
EndGlobal
